{
  "version": 4,
  "terraform_version": "1.13.4",
  "serial": 75,
  "lineage": "e6a6fc9a-a45b-25e6-4e62-c90939263965",
  "outputs": {
    "app_vm_names": {
      "value": [
        "vm-app-1",
        "vm-app-2"
      ],
      "type": [
        "tuple",
        [
          "string",
          "string"
        ]
      ]
    },
    "app_vm_private_ips": {
      "value": [
        "10.0.2.5",
        "10.0.2.4"
      ],
      "type": [
        "tuple",
        [
          "string",
          "string"
        ]
      ]
    },
    "deployment_summary": {
      "value": "\n🎉 DEPLOYMENT SUCCESSFUL!\n\nResource Group: rg-webapp-20251028102255Z\nLocation: centralus\n\nWeb Tier VMs (2):\n  - vm-web-1\n  - vm-web-2\n\nApp Tier VMs (2):\n  - vm-app-1\n  - vm-app-2\n\nAll resources created successfully from scratch!\n",
      "type": "string"
    },
    "resource_group_name": {
      "value": "rg-webapp-20251028102255Z",
      "type": "string"
    },
    "web_vm_names": {
      "value": [
        "vm-web-1",
        "vm-web-2"
      ],
      "type": [
        "tuple",
        [
          "string",
          "string"
        ]
      ]
    },
    "web_vm_private_ips": {
      "value": [
        "10.0.1.4",
        "10.0.1.5"
      ],
      "type": [
        "tuple",
        [
          "string",
          "string"
        ]
      ]
    }
  },
  "resources": [
    {
      "mode": "managed",
      "type": "azurerm_availability_set",
      "name": "app",
      "provider": "provider[\"registry.terraform.io/hashicorp/azurerm\"]",
      "instances": [
        {
          "schema_version": 0,
          "attributes": {
            "id": "/subscriptions/fb0849b7-486e-4e06-933d-83f1431d6bc2/resourceGroups/rg-webapp-20251028102255Z/providers/Microsoft.Compute/availabilitySets/as-app",
            "location": "centralus",
            "managed": true,
            "name": "as-app",
            "platform_fault_domain_count": 2,
            "platform_update_domain_count": 2,
            "proximity_placement_group_id": null,
            "resource_group_name": "rg-webapp-20251028102255Z",
            "tags": null,
            "timeouts": null
          },
          "sensitive_attributes": [],
          "identity_schema_version": 0,
          "private": "eyJlMmJmYjczMC1lY2FhLTExZTYtOGY4OC0zNDM2M2JjN2M0YzAiOnsiY3JlYXRlIjoxODAwMDAwMDAwMDAwLCJkZWxldGUiOjE4MDAwMDAwMDAwMDAsInJlYWQiOjMwMDAwMDAwMDAwMCwidXBkYXRlIjoxODAwMDAwMDAwMDAwfX0=",
          "dependencies": [
            "azurerm_resource_group.main"
          ]
        }
      ]
    },
    {
      "mode": "managed",
      "type": "azurerm_availability_set",
      "name": "web",
      "provider": "provider[\"registry.terraform.io/hashicorp/azurerm\"]",
      "instances": [
        {
          "schema_version": 0,
          "attributes": {
            "id": "/subscriptions/fb0849b7-486e-4e06-933d-83f1431d6bc2/resourceGroups/rg-webapp-20251028102255Z/providers/Microsoft.Compute/availabilitySets/as-web",
            "location": "centralus",
            "managed": true,
            "name": "as-web",
            "platform_fault_domain_count": 2,
            "platform_update_domain_count": 2,
            "proximity_placement_group_id": null,
            "resource_group_name": "rg-webapp-20251028102255Z",
            "tags": null,
            "timeouts": null
          },
          "sensitive_attributes": [],
          "identity_schema_version": 0,
          "private": "eyJlMmJmYjczMC1lY2FhLTExZTYtOGY4OC0zNDM2M2JjN2M0YzAiOnsiY3JlYXRlIjoxODAwMDAwMDAwMDAwLCJkZWxldGUiOjE4MDAwMDAwMDAwMDAsInJlYWQiOjMwMDAwMDAwMDAwMCwidXBkYXRlIjoxODAwMDAwMDAwMDAwfX0=",
          "dependencies": [
            "azurerm_resource_group.main"
          ]
        }
      ]
    },
    {
      "mode": "managed",
      "type": "azurerm_linux_virtual_machine",
      "name": "app",
      "provider": "provider[\"registry.terraform.io/hashicorp/azurerm\"]",
      "instances": [
        {
          "index_key": 0,
          "schema_version": 0,
          "attributes": {
            "additional_capabilities": [],
            "admin_password": null,
            "admin_ssh_key": [
              {
                "public_key": "ssh-rsa AAAAB3NzaC1yc2EAAAADAQABAAACAQC8aRSnO+agVI6CiJDSk1REORPKI8x9OSjmkE9wll26iupPKJdxxJUat3P1XqBIijbuaLx0JjRBxrlscDVkcRLUiHb5X+uhW/pypspZPyQwzXd9KB/Cpgvz8JruukP3XZbtOrXyqy2bTaw7Q/0zEVTm7D7EQWRhKLEui+PzSkYq/bPnaUnFOvKtzmmxY3MZURJJSzw5z6YScJb/A8CAcSsXKAoivNKuZhtwH/xFOLnimlvbhsIVn4excKXHo7MmN6z5A/w7sWCBgRighgtJBrPbqCmMCpDXdQwC8kGfP1rSZI0d+wVKxYldUzaDv+FSrQ6lBgD1fvfbOMVxrMiyohCMDZWVThUrPEra4qfmK0tD64hw/3I92fEd7yj+VSPxIJVLkfBGoSkzpyn5h0PXslTIeZXVBsbn+p07gOy+yGAbar0sMfltrrGSWjKhxplo3HXQZlNX5LdbTIJaMmKxIRB7rhZ4xMvqzS67qMGON3scvO5JSLjFJQ6p6vvMcbGtqZCjqFd2vjGJ0vkqbSRG9caLQAB8rGVmILHERLVlVox+lmFLg4hZT0H914Sgx5R4P+6VTBtTgq6Nme+vp8ncEVhjgwPxbsKxIjQnZP7PLz/bbmOjDNF8t+WVcJRMtSf9w8L87pfYPzrYs4o10yt/Dg6tVBNsrX2JUbTdf+02CY84EQ== azureuser@amazon-linux\n",
                "username": "azureuser"
              }
            ],
            "admin_username": "azureuser",
            "allow_extension_operations": true,
            "availability_set_id": "/subscriptions/fb0849b7-486e-4e06-933d-83f1431d6bc2/resourceGroups/rg-webapp-20251028102255Z/providers/Microsoft.Compute/availabilitySets/AS-APP",
            "boot_diagnostics": [],
            "bypass_platform_safety_checks_on_user_schedule_enabled": false,
            "capacity_reservation_group_id": "",
            "computer_name": "vm-app-1",
            "custom_data": "IyEvYmluL2Jhc2gKYXB0LWdldCB1cGRhdGUKYXB0LWdldCBpbnN0YWxsIC15IG5vZGVqcyBucG0KbWtkaXIgLXAgL2hvbWUvYXp1cmV1c2VyL2FwcAplY2hvICJBcHAgU2VydmVyICQoaG9zdG5hbWUpIC0gUmVhZHkiID4gL2hvbWUvYXp1cmV1c2VyL2FwcC9zdGF0dXMudHh0Cg==",
            "dedicated_host_group_id": "",
            "dedicated_host_id": "",
            "disable_password_authentication": true,
            "disk_controller_type": "",
            "edge_zone": "",
            "encryption_at_host_enabled": false,
            "eviction_policy": "",
            "extensions_time_budget": "PT1H30M",
            "gallery_application": [],
            "id": "/subscriptions/fb0849b7-486e-4e06-933d-83f1431d6bc2/resourceGroups/rg-webapp-20251028102255Z/providers/Microsoft.Compute/virtualMachines/vm-app-1",
            "identity": [],
            "license_type": "",
            "location": "centralus",
            "max_bid_price": -1,
            "name": "vm-app-1",
            "network_interface_ids": [
              "/subscriptions/fb0849b7-486e-4e06-933d-83f1431d6bc2/resourceGroups/rg-webapp-20251028102255Z/providers/Microsoft.Network/networkInterfaces/nic-app-1"
            ],
            "os_disk": [
              {
                "caching": "ReadWrite",
                "diff_disk_settings": [],
                "disk_encryption_set_id": "",
                "disk_size_gb": 30,
                "name": "vm-app-1_OsDisk_1_3a16bd2ce8a346f789fc0e5f36086db3",
                "secure_vm_disk_encryption_set_id": "",
                "security_encryption_type": "",
                "storage_account_type": "Standard_LRS",
                "write_accelerator_enabled": false
              }
            ],
            "os_image_notification": [],
            "patch_assessment_mode": "ImageDefault",
            "patch_mode": "ImageDefault",
            "plan": [],
            "platform_fault_domain": -1,
            "priority": "Regular",
            "private_ip_address": "10.0.2.5",
            "private_ip_addresses": [
              "10.0.2.5"
            ],
            "provision_vm_agent": true,
            "proximity_placement_group_id": "",
            "public_ip_address": "",
            "public_ip_addresses": [],
            "reboot_setting": "",
            "resource_group_name": "rg-webapp-20251028102255Z",
            "secret": [],
            "secure_boot_enabled": false,
            "size": "Standard_B1s",
            "source_image_id": "",
            "source_image_reference": [
              {
                "offer": "0001-com-ubuntu-server-focal",
                "publisher": "Canonical",
                "sku": "20_04-lts",
                "version": "latest"
              }
            ],
            "tags": {
              "Tier": "App",
              "VM": "app-1"
            },
            "termination_notification": null,
            "timeouts": null,
            "user_data": "",
            "virtual_machine_id": "b24ab3f5-4fec-41fe-ad80-debad9f50c4c",
            "virtual_machine_scale_set_id": "",
            "vm_agent_platform_updates_enabled": false,
            "vtpm_enabled": false,
            "zone": ""
          },
          "sensitive_attributes": [
            [
              {
                "type": "get_attr",
                "value": "admin_password"
              }
            ],
            [
              {
                "type": "get_attr",
                "value": "custom_data"
              }
            ]
          ],
          "identity_schema_version": 0,
          "private": "eyJlMmJmYjczMC1lY2FhLTExZTYtOGY4OC0zNDM2M2JjN2M0YzAiOnsiY3JlYXRlIjoyNzAwMDAwMDAwMDAwLCJkZWxldGUiOjI3MDAwMDAwMDAwMDAsInJlYWQiOjMwMDAwMDAwMDAwMCwidXBkYXRlIjoyNzAwMDAwMDAwMDAwfX0=",
          "dependencies": [
            "azurerm_availability_set.app",
            "azurerm_network_interface.app",
            "azurerm_resource_group.main",
            "azurerm_subnet.app",
            "azurerm_virtual_network.main"
          ]
        },
        {
          "index_key": 1,
          "schema_version": 0,
          "attributes": {
            "additional_capabilities": [],
            "admin_password": null,
            "admin_ssh_key": [
              {
                "public_key": "ssh-rsa AAAAB3NzaC1yc2EAAAADAQABAAACAQC8aRSnO+agVI6CiJDSk1REORPKI8x9OSjmkE9wll26iupPKJdxxJUat3P1XqBIijbuaLx0JjRBxrlscDVkcRLUiHb5X+uhW/pypspZPyQwzXd9KB/Cpgvz8JruukP3XZbtOrXyqy2bTaw7Q/0zEVTm7D7EQWRhKLEui+PzSkYq/bPnaUnFOvKtzmmxY3MZURJJSzw5z6YScJb/A8CAcSsXKAoivNKuZhtwH/xFOLnimlvbhsIVn4excKXHo7MmN6z5A/w7sWCBgRighgtJBrPbqCmMCpDXdQwC8kGfP1rSZI0d+wVKxYldUzaDv+FSrQ6lBgD1fvfbOMVxrMiyohCMDZWVThUrPEra4qfmK0tD64hw/3I92fEd7yj+VSPxIJVLkfBGoSkzpyn5h0PXslTIeZXVBsbn+p07gOy+yGAbar0sMfltrrGSWjKhxplo3HXQZlNX5LdbTIJaMmKxIRB7rhZ4xMvqzS67qMGON3scvO5JSLjFJQ6p6vvMcbGtqZCjqFd2vjGJ0vkqbSRG9caLQAB8rGVmILHERLVlVox+lmFLg4hZT0H914Sgx5R4P+6VTBtTgq6Nme+vp8ncEVhjgwPxbsKxIjQnZP7PLz/bbmOjDNF8t+WVcJRMtSf9w8L87pfYPzrYs4o10yt/Dg6tVBNsrX2JUbTdf+02CY84EQ== azureuser@amazon-linux\n",
                "username": "azureuser"
              }
            ],
            "admin_username": "azureuser",
            "allow_extension_operations": true,
            "availability_set_id": "/subscriptions/fb0849b7-486e-4e06-933d-83f1431d6bc2/resourceGroups/rg-webapp-20251028102255Z/providers/Microsoft.Compute/availabilitySets/AS-APP",
            "boot_diagnostics": [],
            "bypass_platform_safety_checks_on_user_schedule_enabled": false,
            "capacity_reservation_group_id": "",
            "computer_name": "vm-app-2",
            "custom_data": "IyEvYmluL2Jhc2gKYXB0LWdldCB1cGRhdGUKYXB0LWdldCBpbnN0YWxsIC15IG5vZGVqcyBucG0KbWtkaXIgLXAgL2hvbWUvYXp1cmV1c2VyL2FwcAplY2hvICJBcHAgU2VydmVyICQoaG9zdG5hbWUpIC0gUmVhZHkiID4gL2hvbWUvYXp1cmV1c2VyL2FwcC9zdGF0dXMudHh0Cg==",
            "dedicated_host_group_id": "",
            "dedicated_host_id": "",
            "disable_password_authentication": true,
            "disk_controller_type": "",
            "edge_zone": "",
            "encryption_at_host_enabled": false,
            "eviction_policy": "",
            "extensions_time_budget": "PT1H30M",
            "gallery_application": [],
            "id": "/subscriptions/fb0849b7-486e-4e06-933d-83f1431d6bc2/resourceGroups/rg-webapp-20251028102255Z/providers/Microsoft.Compute/virtualMachines/vm-app-2",
            "identity": [],
            "license_type": "",
            "location": "centralus",
            "max_bid_price": -1,
            "name": "vm-app-2",
            "network_interface_ids": [
              "/subscriptions/fb0849b7-486e-4e06-933d-83f1431d6bc2/resourceGroups/rg-webapp-20251028102255Z/providers/Microsoft.Network/networkInterfaces/nic-app-2"
            ],
            "os_disk": [
              {
                "caching": "ReadWrite",
                "diff_disk_settings": [],
                "disk_encryption_set_id": "",
                "disk_size_gb": 30,
                "name": "vm-app-2_OsDisk_1_ca5eda6aa92547eda51ed93cfd99c729",
                "secure_vm_disk_encryption_set_id": "",
                "security_encryption_type": "",
                "storage_account_type": "Standard_LRS",
                "write_accelerator_enabled": false
              }
            ],
            "os_image_notification": [],
            "patch_assessment_mode": "ImageDefault",
            "patch_mode": "ImageDefault",
            "plan": [],
            "platform_fault_domain": -1,
            "priority": "Regular",
            "private_ip_address": "10.0.2.4",
            "private_ip_addresses": [
              "10.0.2.4"
            ],
            "provision_vm_agent": true,
            "proximity_placement_group_id": "",
            "public_ip_address": "",
            "public_ip_addresses": [],
            "reboot_setting": "",
            "resource_group_name": "rg-webapp-20251028102255Z",
            "secret": [],
            "secure_boot_enabled": false,
            "size": "Standard_B1s",
            "source_image_id": "",
            "source_image_reference": [
              {
                "offer": "0001-com-ubuntu-server-focal",
                "publisher": "Canonical",
                "sku": "20_04-lts",
                "version": "latest"
              }
            ],
            "tags": {
              "Tier": "App",
              "VM": "app-2"
            },
            "termination_notification": null,
            "timeouts": null,
            "user_data": "",
            "virtual_machine_id": "61818919-9071-4679-a7bf-b3242d6d096d",
            "virtual_machine_scale_set_id": "",
            "vm_agent_platform_updates_enabled": false,
            "vtpm_enabled": false,
            "zone": ""
          },
          "sensitive_attributes": [
            [
              {
                "type": "get_attr",
                "value": "admin_password"
              }
            ],
            [
              {
                "type": "get_attr",
                "value": "custom_data"
              }
            ]
          ],
          "identity_schema_version": 0,
          "private": "eyJlMmJmYjczMC1lY2FhLTExZTYtOGY4OC0zNDM2M2JjN2M0YzAiOnsiY3JlYXRlIjoyNzAwMDAwMDAwMDAwLCJkZWxldGUiOjI3MDAwMDAwMDAwMDAsInJlYWQiOjMwMDAwMDAwMDAwMCwidXBkYXRlIjoyNzAwMDAwMDAwMDAwfX0=",
          "dependencies": [
            "azurerm_availability_set.app",
            "azurerm_network_interface.app",
            "azurerm_resource_group.main",
            "azurerm_subnet.app",
            "azurerm_virtual_network.main"
          ]
        }
      ]
    },
    {
      "mode": "managed",
      "type": "azurerm_linux_virtual_machine",
      "name": "web",
      "provider": "provider[\"registry.terraform.io/hashicorp/azurerm\"]",
      "instances": [
        {
          "index_key": 0,
          "schema_version": 0,
          "attributes": {
            "additional_capabilities": [],
            "admin_password": null,
            "admin_ssh_key": [
              {
                "public_key": "ssh-rsa AAAAB3NzaC1yc2EAAAADAQABAAACAQC8aRSnO+agVI6CiJDSk1REORPKI8x9OSjmkE9wll26iupPKJdxxJUat3P1XqBIijbuaLx0JjRBxrlscDVkcRLUiHb5X+uhW/pypspZPyQwzXd9KB/Cpgvz8JruukP3XZbtOrXyqy2bTaw7Q/0zEVTm7D7EQWRhKLEui+PzSkYq/bPnaUnFOvKtzmmxY3MZURJJSzw5z6YScJb/A8CAcSsXKAoivNKuZhtwH/xFOLnimlvbhsIVn4excKXHo7MmN6z5A/w7sWCBgRighgtJBrPbqCmMCpDXdQwC8kGfP1rSZI0d+wVKxYldUzaDv+FSrQ6lBgD1fvfbOMVxrMiyohCMDZWVThUrPEra4qfmK0tD64hw/3I92fEd7yj+VSPxIJVLkfBGoSkzpyn5h0PXslTIeZXVBsbn+p07gOy+yGAbar0sMfltrrGSWjKhxplo3HXQZlNX5LdbTIJaMmKxIRB7rhZ4xMvqzS67qMGON3scvO5JSLjFJQ6p6vvMcbGtqZCjqFd2vjGJ0vkqbSRG9caLQAB8rGVmILHERLVlVox+lmFLg4hZT0H914Sgx5R4P+6VTBtTgq6Nme+vp8ncEVhjgwPxbsKxIjQnZP7PLz/bbmOjDNF8t+WVcJRMtSf9w8L87pfYPzrYs4o10yt/Dg6tVBNsrX2JUbTdf+02CY84EQ== azureuser@amazon-linux\n",
                "username": "azureuser"
              }
            ],
            "admin_username": "azureuser",
            "allow_extension_operations": true,
            "availability_set_id": "/subscriptions/fb0849b7-486e-4e06-933d-83f1431d6bc2/resourceGroups/rg-webapp-20251028102255Z/providers/Microsoft.Compute/availabilitySets/AS-WEB",
            "boot_diagnostics": [],
            "bypass_platform_safety_checks_on_user_schedule_enabled": false,
            "capacity_reservation_group_id": "",
            "computer_name": "vm-web-1",
            "custom_data": "IyEvYmluL2Jhc2gKYXB0LWdldCB1cGRhdGUKYXB0LWdldCBpbnN0YWxsIC15IG5naW54CnN5c3RlbWN0bCBzdGFydCBuZ2lueApzeXN0ZW1jdGwgZW5hYmxlIG5naW54CmVjaG8gIjxoMT5XZWIgU2VydmVyICQoaG9zdG5hbWUpPC9oMT48cD5EZXBsb3llZCB2aWEgVGVycmFmb3JtPC9wPiIgPiAvdmFyL3d3dy9odG1sL2luZGV4Lmh0bWwK",
            "dedicated_host_group_id": "",
            "dedicated_host_id": "",
            "disable_password_authentication": true,
            "disk_controller_type": "",
            "edge_zone": "",
            "encryption_at_host_enabled": false,
            "eviction_policy": "",
            "extensions_time_budget": "PT1H30M",
            "gallery_application": [],
            "id": "/subscriptions/fb0849b7-486e-4e06-933d-83f1431d6bc2/resourceGroups/rg-webapp-20251028102255Z/providers/Microsoft.Compute/virtualMachines/vm-web-1",
            "identity": [],
            "license_type": "",
            "location": "centralus",
            "max_bid_price": -1,
            "name": "vm-web-1",
            "network_interface_ids": [
              "/subscriptions/fb0849b7-486e-4e06-933d-83f1431d6bc2/resourceGroups/rg-webapp-20251028102255Z/providers/Microsoft.Network/networkInterfaces/nic-web-1"
            ],
            "os_disk": [
              {
                "caching": "ReadWrite",
                "diff_disk_settings": [],
                "disk_encryption_set_id": "",
                "disk_size_gb": 30,
                "name": "vm-web-1_OsDisk_1_60a522b771e545808e20a13f6a576994",
                "secure_vm_disk_encryption_set_id": "",
                "security_encryption_type": "",
                "storage_account_type": "Standard_LRS",
                "write_accelerator_enabled": false
              }
            ],
            "os_image_notification": [],
            "patch_assessment_mode": "ImageDefault",
            "patch_mode": "ImageDefault",
            "plan": [],
            "platform_fault_domain": -1,
            "priority": "Regular",
            "private_ip_address": "10.0.1.4",
            "private_ip_addresses": [
              "10.0.1.4"
            ],
            "provision_vm_agent": true,
            "proximity_placement_group_id": "",
            "public_ip_address": "",
            "public_ip_addresses": [],
            "reboot_setting": "",
            "resource_group_name": "rg-webapp-20251028102255Z",
            "secret": [],
            "secure_boot_enabled": false,
            "size": "Standard_B1s",
            "source_image_id": "",
            "source_image_reference": [
              {
                "offer": "0001-com-ubuntu-server-focal",
                "publisher": "Canonical",
                "sku": "20_04-lts",
                "version": "latest"
              }
            ],
            "tags": {
              "Tier": "Web",
              "VM": "web-1"
            },
            "termination_notification": null,
            "timeouts": null,
            "user_data": "",
            "virtual_machine_id": "ff57212e-4b57-4971-9fca-d93bbc72dbbb",
            "virtual_machine_scale_set_id": "",
            "vm_agent_platform_updates_enabled": false,
            "vtpm_enabled": false,
            "zone": ""
          },
          "sensitive_attributes": [
            [
              {
                "type": "get_attr",
                "value": "admin_password"
              }
            ],
            [
              {
                "type": "get_attr",
                "value": "custom_data"
              }
            ]
          ],
          "identity_schema_version": 0,
          "private": "eyJlMmJmYjczMC1lY2FhLTExZTYtOGY4OC0zNDM2M2JjN2M0YzAiOnsiY3JlYXRlIjoyNzAwMDAwMDAwMDAwLCJkZWxldGUiOjI3MDAwMDAwMDAwMDAsInJlYWQiOjMwMDAwMDAwMDAwMCwidXBkYXRlIjoyNzAwMDAwMDAwMDAwfX0=",
          "dependencies": [
            "azurerm_availability_set.web",
            "azurerm_network_interface.web",
            "azurerm_resource_group.main",
            "azurerm_subnet.web",
            "azurerm_virtual_network.main"
          ]
        },
        {
          "index_key": 1,
          "schema_version": 0,
          "attributes": {
            "additional_capabilities": [],
            "admin_password": null,
            "admin_ssh_key": [
              {
                "public_key": "ssh-rsa AAAAB3NzaC1yc2EAAAADAQABAAACAQC8aRSnO+agVI6CiJDSk1REORPKI8x9OSjmkE9wll26iupPKJdxxJUat3P1XqBIijbuaLx0JjRBxrlscDVkcRLUiHb5X+uhW/pypspZPyQwzXd9KB/Cpgvz8JruukP3XZbtOrXyqy2bTaw7Q/0zEVTm7D7EQWRhKLEui+PzSkYq/bPnaUnFOvKtzmmxY3MZURJJSzw5z6YScJb/A8CAcSsXKAoivNKuZhtwH/xFOLnimlvbhsIVn4excKXHo7MmN6z5A/w7sWCBgRighgtJBrPbqCmMCpDXdQwC8kGfP1rSZI0d+wVKxYldUzaDv+FSrQ6lBgD1fvfbOMVxrMiyohCMDZWVThUrPEra4qfmK0tD64hw/3I92fEd7yj+VSPxIJVLkfBGoSkzpyn5h0PXslTIeZXVBsbn+p07gOy+yGAbar0sMfltrrGSWjKhxplo3HXQZlNX5LdbTIJaMmKxIRB7rhZ4xMvqzS67qMGON3scvO5JSLjFJQ6p6vvMcbGtqZCjqFd2vjGJ0vkqbSRG9caLQAB8rGVmILHERLVlVox+lmFLg4hZT0H914Sgx5R4P+6VTBtTgq6Nme+vp8ncEVhjgwPxbsKxIjQnZP7PLz/bbmOjDNF8t+WVcJRMtSf9w8L87pfYPzrYs4o10yt/Dg6tVBNsrX2JUbTdf+02CY84EQ== azureuser@amazon-linux\n",
                "username": "azureuser"
              }
            ],
            "admin_username": "azureuser",
            "allow_extension_operations": true,
            "availability_set_id": "/subscriptions/fb0849b7-486e-4e06-933d-83f1431d6bc2/resourceGroups/rg-webapp-20251028102255Z/providers/Microsoft.Compute/availabilitySets/AS-WEB",
            "boot_diagnostics": [],
            "bypass_platform_safety_checks_on_user_schedule_enabled": false,
            "capacity_reservation_group_id": "",
            "computer_name": "vm-web-2",
            "custom_data": "IyEvYmluL2Jhc2gKYXB0LWdldCB1cGRhdGUKYXB0LWdldCBpbnN0YWxsIC15IG5naW54CnN5c3RlbWN0bCBzdGFydCBuZ2lueApzeXN0ZW1jdGwgZW5hYmxlIG5naW54CmVjaG8gIjxoMT5XZWIgU2VydmVyICQoaG9zdG5hbWUpPC9oMT48cD5EZXBsb3llZCB2aWEgVGVycmFmb3JtPC9wPiIgPiAvdmFyL3d3dy9odG1sL2luZGV4Lmh0bWwK",
            "dedicated_host_group_id": "",
            "dedicated_host_id": "",
            "disable_password_authentication": true,
            "disk_controller_type": "",
            "edge_zone": "",
            "encryption_at_host_enabled": false,
            "eviction_policy": "",
            "extensions_time_budget": "PT1H30M",
            "gallery_application": [],
            "id": "/subscriptions/fb0849b7-486e-4e06-933d-83f1431d6bc2/resourceGroups/rg-webapp-20251028102255Z/providers/Microsoft.Compute/virtualMachines/vm-web-2",
            "identity": [],
            "license_type": "",
            "location": "centralus",
            "max_bid_price": -1,
            "name": "vm-web-2",
            "network_interface_ids": [
              "/subscriptions/fb0849b7-486e-4e06-933d-83f1431d6bc2/resourceGroups/rg-webapp-20251028102255Z/providers/Microsoft.Network/networkInterfaces/nic-web-2"
            ],
            "os_disk": [
              {
                "caching": "ReadWrite",
                "diff_disk_settings": [],
                "disk_encryption_set_id": "",
                "disk_size_gb": 30,
                "name": "vm-web-2_OsDisk_1_05bd4c4273084dfc87bf5ddf206642ff",
                "secure_vm_disk_encryption_set_id": "",
                "security_encryption_type": "",
                "storage_account_type": "Standard_LRS",
                "write_accelerator_enabled": false
              }
            ],
            "os_image_notification": [],
            "patch_assessment_mode": "ImageDefault",
            "patch_mode": "ImageDefault",
            "plan": [],
            "platform_fault_domain": -1,
            "priority": "Regular",
            "private_ip_address": "10.0.1.5",
            "private_ip_addresses": [
              "10.0.1.5"
            ],
            "provision_vm_agent": true,
            "proximity_placement_group_id": "",
            "public_ip_address": "",
            "public_ip_addresses": [],
            "reboot_setting": "",
            "resource_group_name": "rg-webapp-20251028102255Z",
            "secret": [],
            "secure_boot_enabled": false,
            "size": "Standard_B1s",
            "source_image_id": "",
            "source_image_reference": [
              {
                "offer": "0001-com-ubuntu-server-focal",
                "publisher": "Canonical",
                "sku": "20_04-lts",
                "version": "latest"
              }
            ],
            "tags": {
              "Tier": "Web",
              "VM": "web-2"
            },
            "termination_notification": null,
            "timeouts": null,
            "user_data": "",
            "virtual_machine_id": "4b7bc451-7b7c-4a58-b219-6565623be570",
            "virtual_machine_scale_set_id": "",
            "vm_agent_platform_updates_enabled": false,
            "vtpm_enabled": false,
            "zone": ""
          },
          "sensitive_attributes": [
            [
              {
                "type": "get_attr",
                "value": "admin_password"
              }
            ],
            [
              {
                "type": "get_attr",
                "value": "custom_data"
              }
            ]
          ],
          "identity_schema_version": 0,
          "private": "eyJlMmJmYjczMC1lY2FhLTExZTYtOGY4OC0zNDM2M2JjN2M0YzAiOnsiY3JlYXRlIjoyNzAwMDAwMDAwMDAwLCJkZWxldGUiOjI3MDAwMDAwMDAwMDAsInJlYWQiOjMwMDAwMDAwMDAwMCwidXBkYXRlIjoyNzAwMDAwMDAwMDAwfX0=",
          "dependencies": [
            "azurerm_availability_set.web",
            "azurerm_network_interface.web",
            "azurerm_resource_group.main",
            "azurerm_subnet.web",
            "azurerm_virtual_network.main"
          ]
        }
      ]
    },
    {
      "mode": "managed",
      "type": "azurerm_managed_disk",
      "name": "app_data",
      "provider": "provider[\"registry.terraform.io/hashicorp/azurerm\"]",
      "instances": [
        {
          "index_key": 0,
          "schema_version": 1,
          "attributes": {
            "create_option": "Empty",
            "disk_access_id": "",
            "disk_encryption_set_id": "",
            "disk_iops_read_only": 0,
            "disk_iops_read_write": 500,
            "disk_mbps_read_only": 0,
            "disk_mbps_read_write": 60,
            "disk_size_gb": 10,
            "edge_zone": "",
            "encryption_settings": [],
            "gallery_image_reference_id": "",
            "hyper_v_generation": "",
            "id": "/subscriptions/fb0849b7-486e-4e06-933d-83f1431d6bc2/resourceGroups/rg-webapp-20251028102255Z/providers/Microsoft.Compute/disks/disk-app-1",
            "image_reference_id": "",
            "location": "centralus",
            "logical_sector_size": null,
            "max_shares": 0,
            "name": "disk-app-1",
            "network_access_policy": null,
            "on_demand_bursting_enabled": false,
            "optimized_frequent_attach_enabled": false,
            "os_type": "",
            "performance_plus_enabled": false,
            "public_network_access_enabled": true,
            "resource_group_name": "rg-webapp-20251028102255Z",
            "secure_vm_disk_encryption_set_id": "",
            "security_type": "",
            "source_resource_id": "",
            "source_uri": "",
            "storage_account_id": "",
            "storage_account_type": "Standard_LRS",
            "tags": {
              "Tier": "App"
            },
            "tier": "",
            "timeouts": null,
            "trusted_launch_enabled": false,
            "upload_size_bytes": 0,
            "zone": ""
          },
          "sensitive_attributes": [],
          "identity_schema_version": 0,
          "private": "eyJlMmJmYjczMC1lY2FhLTExZTYtOGY4OC0zNDM2M2JjN2M0YzAiOnsiY3JlYXRlIjoxODAwMDAwMDAwMDAwLCJkZWxldGUiOjE4MDAwMDAwMDAwMDAsInJlYWQiOjMwMDAwMDAwMDAwMCwidXBkYXRlIjoxODAwMDAwMDAwMDAwfSwic2NoZW1hX3ZlcnNpb24iOiIxIn0=",
          "dependencies": [
            "azurerm_resource_group.main"
          ]
        },
        {
          "index_key": 1,
          "schema_version": 1,
          "attributes": {
            "create_option": "Empty",
            "disk_access_id": "",
            "disk_encryption_set_id": "",
            "disk_iops_read_only": 0,
            "disk_iops_read_write": 500,
            "disk_mbps_read_only": 0,
            "disk_mbps_read_write": 60,
            "disk_size_gb": 10,
            "edge_zone": "",
            "encryption_settings": [],
            "gallery_image_reference_id": "",
            "hyper_v_generation": "",
            "id": "/subscriptions/fb0849b7-486e-4e06-933d-83f1431d6bc2/resourceGroups/rg-webapp-20251028102255Z/providers/Microsoft.Compute/disks/disk-app-2",
            "image_reference_id": "",
            "location": "centralus",
            "logical_sector_size": null,
            "max_shares": 0,
            "name": "disk-app-2",
            "network_access_policy": null,
            "on_demand_bursting_enabled": false,
            "optimized_frequent_attach_enabled": false,
            "os_type": "",
            "performance_plus_enabled": false,
            "public_network_access_enabled": true,
            "resource_group_name": "rg-webapp-20251028102255Z",
            "secure_vm_disk_encryption_set_id": "",
            "security_type": "",
            "source_resource_id": "",
            "source_uri": "",
            "storage_account_id": "",
            "storage_account_type": "Standard_LRS",
            "tags": {
              "Tier": "App"
            },
            "tier": "",
            "timeouts": null,
            "trusted_launch_enabled": false,
            "upload_size_bytes": 0,
            "zone": ""
          },
          "sensitive_attributes": [],
          "identity_schema_version": 0,
          "private": "eyJlMmJmYjczMC1lY2FhLTExZTYtOGY4OC0zNDM2M2JjN2M0YzAiOnsiY3JlYXRlIjoxODAwMDAwMDAwMDAwLCJkZWxldGUiOjE4MDAwMDAwMDAwMDAsInJlYWQiOjMwMDAwMDAwMDAwMCwidXBkYXRlIjoxODAwMDAwMDAwMDAwfSwic2NoZW1hX3ZlcnNpb24iOiIxIn0=",
          "dependencies": [
            "azurerm_resource_group.main"
          ]
        }
      ]
    },
    {
      "mode": "managed",
      "type": "azurerm_managed_disk",
      "name": "web_data",
      "provider": "provider[\"registry.terraform.io/hashicorp/azurerm\"]",
      "instances": [
        {
          "index_key": 0,
          "schema_version": 1,
          "attributes": {
            "create_option": "Empty",
            "disk_access_id": "",
            "disk_encryption_set_id": "",
            "disk_iops_read_only": 0,
            "disk_iops_read_write": 500,
            "disk_mbps_read_only": 0,
            "disk_mbps_read_write": 60,
            "disk_size_gb": 10,
            "edge_zone": "",
            "encryption_settings": [],
            "gallery_image_reference_id": "",
            "hyper_v_generation": "",
            "id": "/subscriptions/fb0849b7-486e-4e06-933d-83f1431d6bc2/resourceGroups/rg-webapp-20251028102255Z/providers/Microsoft.Compute/disks/disk-web-1",
            "image_reference_id": "",
            "location": "centralus",
            "logical_sector_size": null,
            "max_shares": 0,
            "name": "disk-web-1",
            "network_access_policy": null,
            "on_demand_bursting_enabled": false,
            "optimized_frequent_attach_enabled": false,
            "os_type": "",
            "performance_plus_enabled": false,
            "public_network_access_enabled": true,
            "resource_group_name": "rg-webapp-20251028102255Z",
            "secure_vm_disk_encryption_set_id": "",
            "security_type": "",
            "source_resource_id": "",
            "source_uri": "",
            "storage_account_id": "",
            "storage_account_type": "Standard_LRS",
            "tags": {
              "Tier": "Web"
            },
            "tier": "",
            "timeouts": null,
            "trusted_launch_enabled": false,
            "upload_size_bytes": 0,
            "zone": ""
          },
          "sensitive_attributes": [],
          "identity_schema_version": 0,
          "private": "eyJlMmJmYjczMC1lY2FhLTExZTYtOGY4OC0zNDM2M2JjN2M0YzAiOnsiY3JlYXRlIjoxODAwMDAwMDAwMDAwLCJkZWxldGUiOjE4MDAwMDAwMDAwMDAsInJlYWQiOjMwMDAwMDAwMDAwMCwidXBkYXRlIjoxODAwMDAwMDAwMDAwfSwic2NoZW1hX3ZlcnNpb24iOiIxIn0=",
          "dependencies": [
            "azurerm_resource_group.main"
          ]
        },
        {
          "index_key": 1,
          "schema_version": 1,
          "attributes": {
            "create_option": "Empty",
            "disk_access_id": "",
            "disk_encryption_set_id": "",
            "disk_iops_read_only": 0,
            "disk_iops_read_write": 500,
            "disk_mbps_read_only": 0,
            "disk_mbps_read_write": 60,
            "disk_size_gb": 10,
            "edge_zone": "",
            "encryption_settings": [],
            "gallery_image_reference_id": "",
            "hyper_v_generation": "",
            "id": "/subscriptions/fb0849b7-486e-4e06-933d-83f1431d6bc2/resourceGroups/rg-webapp-20251028102255Z/providers/Microsoft.Compute/disks/disk-web-2",
            "image_reference_id": "",
            "location": "centralus",
            "logical_sector_size": null,
            "max_shares": 0,
            "name": "disk-web-2",
            "network_access_policy": null,
            "on_demand_bursting_enabled": false,
            "optimized_frequent_attach_enabled": false,
            "os_type": "",
            "performance_plus_enabled": false,
            "public_network_access_enabled": true,
            "resource_group_name": "rg-webapp-20251028102255Z",
            "secure_vm_disk_encryption_set_id": "",
            "security_type": "",
            "source_resource_id": "",
            "source_uri": "",
            "storage_account_id": "",
            "storage_account_type": "Standard_LRS",
            "tags": {
              "Tier": "Web"
            },
            "tier": "",
            "timeouts": null,
            "trusted_launch_enabled": false,
            "upload_size_bytes": 0,
            "zone": ""
          },
          "sensitive_attributes": [],
          "identity_schema_version": 0,
          "private": "eyJlMmJmYjczMC1lY2FhLTExZTYtOGY4OC0zNDM2M2JjN2M0YzAiOnsiY3JlYXRlIjoxODAwMDAwMDAwMDAwLCJkZWxldGUiOjE4MDAwMDAwMDAwMDAsInJlYWQiOjMwMDAwMDAwMDAwMCwidXBkYXRlIjoxODAwMDAwMDAwMDAwfSwic2NoZW1hX3ZlcnNpb24iOiIxIn0=",
          "dependencies": [
            "azurerm_resource_group.main"
          ]
        }
      ]
    },
    {
      "mode": "managed",
      "type": "azurerm_network_interface",
      "name": "app",
      "provider": "provider[\"registry.terraform.io/hashicorp/azurerm\"]",
      "instances": [
        {
          "index_key": 0,
          "schema_version": 0,
          "attributes": {
            "accelerated_networking_enabled": false,
            "applied_dns_servers": [],
            "auxiliary_mode": "",
            "auxiliary_sku": "",
            "dns_servers": [],
            "edge_zone": "",
            "enable_accelerated_networking": false,
            "enable_ip_forwarding": false,
            "id": "/subscriptions/fb0849b7-486e-4e06-933d-83f1431d6bc2/resourceGroups/rg-webapp-20251028102255Z/providers/Microsoft.Network/networkInterfaces/nic-app-1",
            "internal_dns_name_label": "",
            "internal_domain_name_suffix": "ovh1rzurjfbupktb25isbf2pjf.gx.internal.cloudapp.net",
            "ip_configuration": [
              {
                "gateway_load_balancer_frontend_ip_configuration_id": "",
                "name": "internal",
                "primary": true,
                "private_ip_address": "10.0.2.5",
                "private_ip_address_allocation": "Dynamic",
                "private_ip_address_version": "IPv4",
                "public_ip_address_id": "",
                "subnet_id": "/subscriptions/fb0849b7-486e-4e06-933d-83f1431d6bc2/resourceGroups/rg-webapp-20251028102255Z/providers/Microsoft.Network/virtualNetworks/vnet-webapp/subnets/snet-app"
              }
            ],
            "ip_forwarding_enabled": false,
            "location": "centralus",
            "mac_address": "",
            "name": "nic-app-1",
            "private_ip_address": "10.0.2.5",
            "private_ip_addresses": [
              "10.0.2.5"
            ],
            "resource_group_name": "rg-webapp-20251028102255Z",
            "tags": {
              "Tier": "App"
            },
            "timeouts": null,
            "virtual_machine_id": ""
          },
          "sensitive_attributes": [],
          "identity_schema_version": 0,
          "private": "eyJlMmJmYjczMC1lY2FhLTExZTYtOGY4OC0zNDM2M2JjN2M0YzAiOnsiY3JlYXRlIjoxODAwMDAwMDAwMDAwLCJkZWxldGUiOjE4MDAwMDAwMDAwMDAsInJlYWQiOjMwMDAwMDAwMDAwMCwidXBkYXRlIjoxODAwMDAwMDAwMDAwfX0=",
          "dependencies": [
            "azurerm_resource_group.main",
            "azurerm_subnet.app",
            "azurerm_virtual_network.main"
          ]
        },
        {
          "index_key": 1,
          "schema_version": 0,
          "attributes": {
            "accelerated_networking_enabled": false,
            "applied_dns_servers": [],
            "auxiliary_mode": "",
            "auxiliary_sku": "",
            "dns_servers": [],
            "edge_zone": "",
            "enable_accelerated_networking": false,
            "enable_ip_forwarding": false,
            "id": "/subscriptions/fb0849b7-486e-4e06-933d-83f1431d6bc2/resourceGroups/rg-webapp-20251028102255Z/providers/Microsoft.Network/networkInterfaces/nic-app-2",
            "internal_dns_name_label": "",
            "internal_domain_name_suffix": "ovh1rzurjfbupktb25isbf2pjf.gx.internal.cloudapp.net",
            "ip_configuration": [
              {
                "gateway_load_balancer_frontend_ip_configuration_id": "",
                "name": "internal",
                "primary": true,
                "private_ip_address": "10.0.2.4",
                "private_ip_address_allocation": "Dynamic",
                "private_ip_address_version": "IPv4",
                "public_ip_address_id": "",
                "subnet_id": "/subscriptions/fb0849b7-486e-4e06-933d-83f1431d6bc2/resourceGroups/rg-webapp-20251028102255Z/providers/Microsoft.Network/virtualNetworks/vnet-webapp/subnets/snet-app"
              }
            ],
            "ip_forwarding_enabled": false,
            "location": "centralus",
            "mac_address": "",
            "name": "nic-app-2",
            "private_ip_address": "10.0.2.4",
            "private_ip_addresses": [
              "10.0.2.4"
            ],
            "resource_group_name": "rg-webapp-20251028102255Z",
            "tags": {
              "Tier": "App"
            },
            "timeouts": null,
            "virtual_machine_id": ""
          },
          "sensitive_attributes": [],
          "identity_schema_version": 0,
          "private": "eyJlMmJmYjczMC1lY2FhLTExZTYtOGY4OC0zNDM2M2JjN2M0YzAiOnsiY3JlYXRlIjoxODAwMDAwMDAwMDAwLCJkZWxldGUiOjE4MDAwMDAwMDAwMDAsInJlYWQiOjMwMDAwMDAwMDAwMCwidXBkYXRlIjoxODAwMDAwMDAwMDAwfX0=",
          "dependencies": [
            "azurerm_resource_group.main",
            "azurerm_subnet.app",
            "azurerm_virtual_network.main"
          ]
        }
      ]
    },
    {
      "mode": "managed",
      "type": "azurerm_network_interface",
      "name": "web",
      "provider": "provider[\"registry.terraform.io/hashicorp/azurerm\"]",
      "instances": [
        {
          "index_key": 0,
          "schema_version": 0,
          "attributes": {
            "accelerated_networking_enabled": false,
            "applied_dns_servers": [],
            "auxiliary_mode": "",
            "auxiliary_sku": "",
            "dns_servers": [],
            "edge_zone": "",
            "enable_accelerated_networking": false,
            "enable_ip_forwarding": false,
            "id": "/subscriptions/fb0849b7-486e-4e06-933d-83f1431d6bc2/resourceGroups/rg-webapp-20251028102255Z/providers/Microsoft.Network/networkInterfaces/nic-web-1",
            "internal_dns_name_label": "",
            "internal_domain_name_suffix": "ovh1rzurjfbupktb25isbf2pjf.gx.internal.cloudapp.net",
            "ip_configuration": [
              {
                "gateway_load_balancer_frontend_ip_configuration_id": "",
                "name": "internal",
                "primary": true,
                "private_ip_address": "10.0.1.4",
                "private_ip_address_allocation": "Dynamic",
                "private_ip_address_version": "IPv4",
                "public_ip_address_id": "",
                "subnet_id": "/subscriptions/fb0849b7-486e-4e06-933d-83f1431d6bc2/resourceGroups/rg-webapp-20251028102255Z/providers/Microsoft.Network/virtualNetworks/vnet-webapp/subnets/snet-web"
              }
            ],
            "ip_forwarding_enabled": false,
            "location": "centralus",
            "mac_address": "",
            "name": "nic-web-1",
            "private_ip_address": "10.0.1.4",
            "private_ip_addresses": [
              "10.0.1.4"
            ],
            "resource_group_name": "rg-webapp-20251028102255Z",
            "tags": {
              "Tier": "Web"
            },
            "timeouts": null,
            "virtual_machine_id": ""
          },
          "sensitive_attributes": [],
          "identity_schema_version": 0,
          "private": "eyJlMmJmYjczMC1lY2FhLTExZTYtOGY4OC0zNDM2M2JjN2M0YzAiOnsiY3JlYXRlIjoxODAwMDAwMDAwMDAwLCJkZWxldGUiOjE4MDAwMDAwMDAwMDAsInJlYWQiOjMwMDAwMDAwMDAwMCwidXBkYXRlIjoxODAwMDAwMDAwMDAwfX0=",
          "dependencies": [
            "azurerm_resource_group.main",
            "azurerm_subnet.web",
            "azurerm_virtual_network.main"
          ]
        },
        {
          "index_key": 1,
          "schema_version": 0,
          "attributes": {
            "accelerated_networking_enabled": false,
            "applied_dns_servers": [],
            "auxiliary_mode": "",
            "auxiliary_sku": "",
            "dns_servers": [],
            "edge_zone": "",
            "enable_accelerated_networking": false,
            "enable_ip_forwarding": false,
            "id": "/subscriptions/fb0849b7-486e-4e06-933d-83f1431d6bc2/resourceGroups/rg-webapp-20251028102255Z/providers/Microsoft.Network/networkInterfaces/nic-web-2",
            "internal_dns_name_label": "",
            "internal_domain_name_suffix": "ovh1rzurjfbupktb25isbf2pjf.gx.internal.cloudapp.net",
            "ip_configuration": [
              {
                "gateway_load_balancer_frontend_ip_configuration_id": "",
                "name": "internal",
                "primary": true,
                "private_ip_address": "10.0.1.5",
                "private_ip_address_allocation": "Dynamic",
                "private_ip_address_version": "IPv4",
                "public_ip_address_id": "",
                "subnet_id": "/subscriptions/fb0849b7-486e-4e06-933d-83f1431d6bc2/resourceGroups/rg-webapp-20251028102255Z/providers/Microsoft.Network/virtualNetworks/vnet-webapp/subnets/snet-web"
              }
            ],
            "ip_forwarding_enabled": false,
            "location": "centralus",
            "mac_address": "",
            "name": "nic-web-2",
            "private_ip_address": "10.0.1.5",
            "private_ip_addresses": [
              "10.0.1.5"
            ],
            "resource_group_name": "rg-webapp-20251028102255Z",
            "tags": {
              "Tier": "Web"
            },
            "timeouts": null,
            "virtual_machine_id": ""
          },
          "sensitive_attributes": [],
          "identity_schema_version": 0,
          "private": "eyJlMmJmYjczMC1lY2FhLTExZTYtOGY4OC0zNDM2M2JjN2M0YzAiOnsiY3JlYXRlIjoxODAwMDAwMDAwMDAwLCJkZWxldGUiOjE4MDAwMDAwMDAwMDAsInJlYWQiOjMwMDAwMDAwMDAwMCwidXBkYXRlIjoxODAwMDAwMDAwMDAwfX0=",
          "dependencies": [
            "azurerm_resource_group.main",
            "azurerm_subnet.web",
            "azurerm_virtual_network.main"
          ]
        }
      ]
    },
    {
      "mode": "managed",
      "type": "azurerm_network_security_group",
      "name": "app",
      "provider": "provider[\"registry.terraform.io/hashicorp/azurerm\"]",
      "instances": [
        {
          "schema_version": 0,
          "attributes": {
            "id": "/subscriptions/fb0849b7-486e-4e06-933d-83f1431d6bc2/resourceGroups/rg-webapp-20251028102255Z/providers/Microsoft.Network/networkSecurityGroups/nsg-app",
            "location": "centralus",
            "name": "nsg-app",
            "resource_group_name": "rg-webapp-20251028102255Z",
            "security_rule": [
              {
                "access": "Allow",
                "description": "",
                "destination_address_prefix": "*",
                "destination_address_prefixes": [],
                "destination_application_security_group_ids": [],
                "destination_port_range": "22",
                "destination_port_ranges": [],
                "direction": "Inbound",
                "name": "SSH",
                "priority": 110,
                "protocol": "Tcp",
                "source_address_prefix": "10.0.1.0/24",
                "source_address_prefixes": [],
                "source_application_security_group_ids": [],
                "source_port_range": "*",
                "source_port_ranges": []
              },
              {
                "access": "Allow",
                "description": "",
                "destination_address_prefix": "*",
                "destination_address_prefixes": [],
                "destination_application_security_group_ids": [],
                "destination_port_range": "8080",
                "destination_port_ranges": [],
                "direction": "Inbound",
                "name": "APP",
                "priority": 100,
                "protocol": "Tcp",
                "source_address_prefix": "10.0.1.0/24",
                "source_address_prefixes": [],
                "source_application_security_group_ids": [],
                "source_port_range": "*",
                "source_port_ranges": []
              }
            ],
            "tags": {
              "Tier": "App"
            },
            "timeouts": null
          },
          "sensitive_attributes": [],
          "identity_schema_version": 0,
          "private": "eyJlMmJmYjczMC1lY2FhLTExZTYtOGY4OC0zNDM2M2JjN2M0YzAiOnsiY3JlYXRlIjoxODAwMDAwMDAwMDAwLCJkZWxldGUiOjE4MDAwMDAwMDAwMDAsInJlYWQiOjMwMDAwMDAwMDAwMCwidXBkYXRlIjoxODAwMDAwMDAwMDAwfX0=",
          "dependencies": [
            "azurerm_resource_group.main"
          ]
        }
      ]
    },
    {
      "mode": "managed",
      "type": "azurerm_network_security_group",
      "name": "web",
      "provider": "provider[\"registry.terraform.io/hashicorp/azurerm\"]",
      "instances": [
        {
          "schema_version": 0,
          "attributes": {
            "id": "/subscriptions/fb0849b7-486e-4e06-933d-83f1431d6bc2/resourceGroups/rg-webapp-20251028102255Z/providers/Microsoft.Network/networkSecurityGroups/nsg-web",
            "location": "centralus",
            "name": "nsg-web",
            "resource_group_name": "rg-webapp-20251028102255Z",
            "security_rule": [
              {
                "access": "Allow",
                "description": "",
                "destination_address_prefix": "*",
                "destination_address_prefixes": [],
                "destination_application_security_group_ids": [],
                "destination_port_range": "22",
                "destination_port_ranges": [],
                "direction": "Inbound",
                "name": "SSH",
                "priority": 110,
                "protocol": "Tcp",
                "source_address_prefix": "*",
                "source_address_prefixes": [],
                "source_application_security_group_ids": [],
                "source_port_range": "*",
                "source_port_ranges": []
              },
              {
                "access": "Allow",
                "description": "",
                "destination_address_prefix": "*",
                "destination_address_prefixes": [],
                "destination_application_security_group_ids": [],
                "destination_port_range": "80",
                "destination_port_ranges": [],
                "direction": "Inbound",
                "name": "HTTP",
                "priority": 100,
                "protocol": "Tcp",
                "source_address_prefix": "*",
                "source_address_prefixes": [],
                "source_application_security_group_ids": [],
                "source_port_range": "*",
                "source_port_ranges": []
              }
            ],
            "tags": {
              "Tier": "Web"
            },
            "timeouts": null
          },
          "sensitive_attributes": [],
          "identity_schema_version": 0,
          "private": "eyJlMmJmYjczMC1lY2FhLTExZTYtOGY4OC0zNDM2M2JjN2M0YzAiOnsiY3JlYXRlIjoxODAwMDAwMDAwMDAwLCJkZWxldGUiOjE4MDAwMDAwMDAwMDAsInJlYWQiOjMwMDAwMDAwMDAwMCwidXBkYXRlIjoxODAwMDAwMDAwMDAwfX0=",
          "dependencies": [
            "azurerm_resource_group.main"
          ]
        }
      ]
    },
    {
      "mode": "managed",
      "type": "azurerm_resource_group",
      "name": "main",
      "provider": "provider[\"registry.terraform.io/hashicorp/azurerm\"]",
      "instances": [
        {
          "schema_version": 0,
          "attributes": {
            "id": "/subscriptions/fb0849b7-486e-4e06-933d-83f1431d6bc2/resourceGroups/rg-webapp-20251028102255Z",
            "location": "centralus",
            "managed_by": "",
            "name": "rg-webapp-20251028102255Z",
            "tags": {
              "Environment": "Production",
              "Project": "WebApp"
            },
            "timeouts": null
          },
          "sensitive_attributes": [],
          "identity_schema_version": 0,
          "private": "eyJlMmJmYjczMC1lY2FhLTExZTYtOGY4OC0zNDM2M2JjN2M0YzAiOnsiY3JlYXRlIjo1NDAwMDAwMDAwMDAwLCJkZWxldGUiOjU0MDAwMDAwMDAwMDAsInJlYWQiOjMwMDAwMDAwMDAwMCwidXBkYXRlIjo1NDAwMDAwMDAwMDAwfX0="
        }
      ]
    },
    {
      "mode": "managed",
      "type": "azurerm_subnet",
      "name": "app",
      "provider": "provider[\"registry.terraform.io/hashicorp/azurerm\"]",
      "instances": [
        {
          "schema_version": 0,
          "attributes": {
            "address_prefixes": [
              "10.0.2.0/24"
            ],
            "default_outbound_access_enabled": true,
            "delegation": [],
            "enforce_private_link_endpoint_network_policies": false,
            "enforce_private_link_service_network_policies": false,
            "id": "/subscriptions/fb0849b7-486e-4e06-933d-83f1431d6bc2/resourceGroups/rg-webapp-20251028102255Z/providers/Microsoft.Network/virtualNetworks/vnet-webapp/subnets/snet-app",
            "name": "snet-app",
            "private_endpoint_network_policies": "Enabled",
            "private_endpoint_network_policies_enabled": true,
            "private_link_service_network_policies_enabled": true,
            "resource_group_name": "rg-webapp-20251028102255Z",
            "service_endpoint_policy_ids": null,
            "service_endpoints": null,
            "timeouts": null,
            "virtual_network_name": "vnet-webapp"
          },
          "sensitive_attributes": [],
          "identity_schema_version": 0,
          "private": "eyJlMmJmYjczMC1lY2FhLTExZTYtOGY4OC0zNDM2M2JjN2M0YzAiOnsiY3JlYXRlIjoxODAwMDAwMDAwMDAwLCJkZWxldGUiOjE4MDAwMDAwMDAwMDAsInJlYWQiOjMwMDAwMDAwMDAwMCwidXBkYXRlIjoxODAwMDAwMDAwMDAwfX0=",
          "dependencies": [
            "azurerm_resource_group.main",
            "azurerm_virtual_network.main"
          ]
        }
      ]
    },
    {
      "mode": "managed",
      "type": "azurerm_subnet",
      "name": "web",
      "provider": "provider[\"registry.terraform.io/hashicorp/azurerm\"]",
      "instances": [
        {
          "schema_version": 0,
          "attributes": {
            "address_prefixes": [
              "10.0.1.0/24"
            ],
            "default_outbound_access_enabled": true,
            "delegation": [],
            "enforce_private_link_endpoint_network_policies": false,
            "enforce_private_link_service_network_policies": false,
            "id": "/subscriptions/fb0849b7-486e-4e06-933d-83f1431d6bc2/resourceGroups/rg-webapp-20251028102255Z/providers/Microsoft.Network/virtualNetworks/vnet-webapp/subnets/snet-web",
            "name": "snet-web",
            "private_endpoint_network_policies": "Enabled",
            "private_endpoint_network_policies_enabled": true,
            "private_link_service_network_policies_enabled": true,
            "resource_group_name": "rg-webapp-20251028102255Z",
            "service_endpoint_policy_ids": null,
            "service_endpoints": null,
            "timeouts": null,
            "virtual_network_name": "vnet-webapp"
          },
          "sensitive_attributes": [],
          "identity_schema_version": 0,
          "private": "eyJlMmJmYjczMC1lY2FhLTExZTYtOGY4OC0zNDM2M2JjN2M0YzAiOnsiY3JlYXRlIjoxODAwMDAwMDAwMDAwLCJkZWxldGUiOjE4MDAwMDAwMDAwMDAsInJlYWQiOjMwMDAwMDAwMDAwMCwidXBkYXRlIjoxODAwMDAwMDAwMDAwfX0=",
          "dependencies": [
            "azurerm_resource_group.main",
            "azurerm_virtual_network.main"
          ]
        }
      ]
    },
    {
      "mode": "managed",
      "type": "azurerm_subnet_network_security_group_association",
      "name": "app",
      "provider": "provider[\"registry.terraform.io/hashicorp/azurerm\"]",
      "instances": [
        {
          "schema_version": 0,
          "attributes": {
            "id": "/subscriptions/fb0849b7-486e-4e06-933d-83f1431d6bc2/resourceGroups/rg-webapp-20251028102255Z/providers/Microsoft.Network/virtualNetworks/vnet-webapp/subnets/snet-app",
            "network_security_group_id": "/subscriptions/fb0849b7-486e-4e06-933d-83f1431d6bc2/resourceGroups/rg-webapp-20251028102255Z/providers/Microsoft.Network/networkSecurityGroups/nsg-app",
            "subnet_id": "/subscriptions/fb0849b7-486e-4e06-933d-83f1431d6bc2/resourceGroups/rg-webapp-20251028102255Z/providers/Microsoft.Network/virtualNetworks/vnet-webapp/subnets/snet-app",
            "timeouts": null
          },
          "sensitive_attributes": [],
          "identity_schema_version": 0,
          "private": "eyJlMmJmYjczMC1lY2FhLTExZTYtOGY4OC0zNDM2M2JjN2M0YzAiOnsiY3JlYXRlIjoxODAwMDAwMDAwMDAwLCJkZWxldGUiOjE4MDAwMDAwMDAwMDAsInJlYWQiOjMwMDAwMDAwMDAwMH19",
          "dependencies": [
            "azurerm_network_security_group.app",
            "azurerm_resource_group.main",
            "azurerm_subnet.app",
            "azurerm_virtual_network.main"
          ]
        }
      ]
    },
    {
      "mode": "managed",
      "type": "azurerm_subnet_network_security_group_association",
      "name": "web",
      "provider": "provider[\"registry.terraform.io/hashicorp/azurerm\"]",
      "instances": [
        {
          "schema_version": 0,
          "attributes": {
            "id": "/subscriptions/fb0849b7-486e-4e06-933d-83f1431d6bc2/resourceGroups/rg-webapp-20251028102255Z/providers/Microsoft.Network/virtualNetworks/vnet-webapp/subnets/snet-web",
            "network_security_group_id": "/subscriptions/fb0849b7-486e-4e06-933d-83f1431d6bc2/resourceGroups/rg-webapp-20251028102255Z/providers/Microsoft.Network/networkSecurityGroups/nsg-web",
            "subnet_id": "/subscriptions/fb0849b7-486e-4e06-933d-83f1431d6bc2/resourceGroups/rg-webapp-20251028102255Z/providers/Microsoft.Network/virtualNetworks/vnet-webapp/subnets/snet-web",
            "timeouts": null
          },
          "sensitive_attributes": [],
          "identity_schema_version": 0,
          "private": "eyJlMmJmYjczMC1lY2FhLTExZTYtOGY4OC0zNDM2M2JjN2M0YzAiOnsiY3JlYXRlIjoxODAwMDAwMDAwMDAwLCJkZWxldGUiOjE4MDAwMDAwMDAwMDAsInJlYWQiOjMwMDAwMDAwMDAwMH19",
          "dependencies": [
            "azurerm_network_security_group.web",
            "azurerm_resource_group.main",
            "azurerm_subnet.web",
            "azurerm_virtual_network.main"
          ]
        }
      ]
    },
    {
      "mode": "managed",
      "type": "azurerm_virtual_machine_data_disk_attachment",
      "name": "app_data",
      "provider": "provider[\"registry.terraform.io/hashicorp/azurerm\"]",
      "instances": [
        {
          "index_key": 0,
          "schema_version": 0,
          "attributes": {
            "caching": "ReadWrite",
            "create_option": "Attach",
            "id": "/subscriptions/fb0849b7-486e-4e06-933d-83f1431d6bc2/resourceGroups/rg-webapp-20251028102255Z/providers/Microsoft.Compute/virtualMachines/vm-app-1/dataDisks/disk-app-1",
            "lun": 10,
            "managed_disk_id": "/subscriptions/fb0849b7-486e-4e06-933d-83f1431d6bc2/resourceGroups/rg-webapp-20251028102255Z/providers/Microsoft.Compute/disks/disk-app-1",
            "timeouts": null,
            "virtual_machine_id": "/subscriptions/fb0849b7-486e-4e06-933d-83f1431d6bc2/resourceGroups/rg-webapp-20251028102255Z/providers/Microsoft.Compute/virtualMachines/vm-app-1",
            "write_accelerator_enabled": false
          },
          "sensitive_attributes": [],
          "identity_schema_version": 0,
          "private": "eyJlMmJmYjczMC1lY2FhLTExZTYtOGY4OC0zNDM2M2JjN2M0YzAiOnsiY3JlYXRlIjoxODAwMDAwMDAwMDAwLCJkZWxldGUiOjE4MDAwMDAwMDAwMDAsInJlYWQiOjMwMDAwMDAwMDAwMCwidXBkYXRlIjoxODAwMDAwMDAwMDAwfX0=",
          "dependencies": [
            "azurerm_availability_set.app",
            "azurerm_linux_virtual_machine.app",
            "azurerm_managed_disk.app_data",
            "azurerm_network_interface.app",
            "azurerm_resource_group.main",
            "azurerm_subnet.app",
            "azurerm_virtual_network.main"
          ]
        },
        {
          "index_key": 1,
          "schema_version": 0,
          "attributes": {
            "caching": "ReadWrite",
            "create_option": "Attach",
            "id": "/subscriptions/fb0849b7-486e-4e06-933d-83f1431d6bc2/resourceGroups/rg-webapp-20251028102255Z/providers/Microsoft.Compute/virtualMachines/vm-app-2/dataDisks/disk-app-2",
            "lun": 10,
            "managed_disk_id": "/subscriptions/fb0849b7-486e-4e06-933d-83f1431d6bc2/resourceGroups/rg-webapp-20251028102255Z/providers/Microsoft.Compute/disks/disk-app-2",
            "timeouts": null,
            "virtual_machine_id": "/subscriptions/fb0849b7-486e-4e06-933d-83f1431d6bc2/resourceGroups/rg-webapp-20251028102255Z/providers/Microsoft.Compute/virtualMachines/vm-app-2",
            "write_accelerator_enabled": false
          },
          "sensitive_attributes": [],
          "identity_schema_version": 0,
          "private": "eyJlMmJmYjczMC1lY2FhLTExZTYtOGY4OC0zNDM2M2JjN2M0YzAiOnsiY3JlYXRlIjoxODAwMDAwMDAwMDAwLCJkZWxldGUiOjE4MDAwMDAwMDAwMDAsInJlYWQiOjMwMDAwMDAwMDAwMCwidXBkYXRlIjoxODAwMDAwMDAwMDAwfX0=",
          "dependencies": [
            "azurerm_availability_set.app",
            "azurerm_linux_virtual_machine.app",
            "azurerm_managed_disk.app_data",
            "azurerm_network_interface.app",
            "azurerm_resource_group.main",
            "azurerm_subnet.app",
            "azurerm_virtual_network.main"
          ]
        }
      ]
    },
    {
      "mode": "managed",
      "type": "azurerm_virtual_machine_data_disk_attachment",
      "name": "web_data",
      "provider": "provider[\"registry.terraform.io/hashicorp/azurerm\"]",
      "instances": [
        {
          "index_key": 0,
          "schema_version": 0,
          "attributes": {
            "caching": "ReadWrite",
            "create_option": "Attach",
            "id": "/subscriptions/fb0849b7-486e-4e06-933d-83f1431d6bc2/resourceGroups/rg-webapp-20251028102255Z/providers/Microsoft.Compute/virtualMachines/vm-web-1/dataDisks/disk-web-1",
            "lun": 10,
            "managed_disk_id": "/subscriptions/fb0849b7-486e-4e06-933d-83f1431d6bc2/resourceGroups/rg-webapp-20251028102255Z/providers/Microsoft.Compute/disks/disk-web-1",
            "timeouts": null,
            "virtual_machine_id": "/subscriptions/fb0849b7-486e-4e06-933d-83f1431d6bc2/resourceGroups/rg-webapp-20251028102255Z/providers/Microsoft.Compute/virtualMachines/vm-web-1",
            "write_accelerator_enabled": false
          },
          "sensitive_attributes": [],
          "identity_schema_version": 0,
          "private": "eyJlMmJmYjczMC1lY2FhLTExZTYtOGY4OC0zNDM2M2JjN2M0YzAiOnsiY3JlYXRlIjoxODAwMDAwMDAwMDAwLCJkZWxldGUiOjE4MDAwMDAwMDAwMDAsInJlYWQiOjMwMDAwMDAwMDAwMCwidXBkYXRlIjoxODAwMDAwMDAwMDAwfX0=",
          "dependencies": [
            "azurerm_availability_set.web",
            "azurerm_linux_virtual_machine.web",
            "azurerm_managed_disk.web_data",
            "azurerm_network_interface.web",
            "azurerm_resource_group.main",
            "azurerm_subnet.web",
            "azurerm_virtual_network.main"
          ]
        },
        {
          "index_key": 1,
          "schema_version": 0,
          "attributes": {
            "caching": "ReadWrite",
            "create_option": "Attach",
            "id": "/subscriptions/fb0849b7-486e-4e06-933d-83f1431d6bc2/resourceGroups/rg-webapp-20251028102255Z/providers/Microsoft.Compute/virtualMachines/vm-web-2/dataDisks/disk-web-2",
            "lun": 10,
            "managed_disk_id": "/subscriptions/fb0849b7-486e-4e06-933d-83f1431d6bc2/resourceGroups/rg-webapp-20251028102255Z/providers/Microsoft.Compute/disks/disk-web-2",
            "timeouts": null,
            "virtual_machine_id": "/subscriptions/fb0849b7-486e-4e06-933d-83f1431d6bc2/resourceGroups/rg-webapp-20251028102255Z/providers/Microsoft.Compute/virtualMachines/vm-web-2",
            "write_accelerator_enabled": false
          },
          "sensitive_attributes": [],
          "identity_schema_version": 0,
          "private": "eyJlMmJmYjczMC1lY2FhLTExZTYtOGY4OC0zNDM2M2JjN2M0YzAiOnsiY3JlYXRlIjoxODAwMDAwMDAwMDAwLCJkZWxldGUiOjE4MDAwMDAwMDAwMDAsInJlYWQiOjMwMDAwMDAwMDAwMCwidXBkYXRlIjoxODAwMDAwMDAwMDAwfX0=",
          "dependencies": [
            "azurerm_availability_set.web",
            "azurerm_linux_virtual_machine.web",
            "azurerm_managed_disk.web_data",
            "azurerm_network_interface.web",
            "azurerm_resource_group.main",
            "azurerm_subnet.web",
            "azurerm_virtual_network.main"
          ]
        }
      ]
    },
    {
      "mode": "managed",
      "type": "azurerm_virtual_network",
      "name": "main",
      "provider": "provider[\"registry.terraform.io/hashicorp/azurerm\"]",
      "instances": [
        {
          "schema_version": 0,
          "attributes": {
            "address_space": [
              "10.0.0.0/16"
            ],
            "bgp_community": "",
            "ddos_protection_plan": [],
            "dns_servers": [],
            "edge_zone": "",
            "encryption": [],
            "flow_timeout_in_minutes": 0,
            "guid": "e6b84f75-4991-4743-aa61-e7d120978f4d",
            "id": "/subscriptions/fb0849b7-486e-4e06-933d-83f1431d6bc2/resourceGroups/rg-webapp-20251028102255Z/providers/Microsoft.Network/virtualNetworks/vnet-webapp",
            "location": "centralus",
            "name": "vnet-webapp",
            "resource_group_name": "rg-webapp-20251028102255Z",
            "subnet": [],
            "tags": {
              "Environment": "Production"
            },
            "timeouts": null
          },
          "sensitive_attributes": [],
          "identity_schema_version": 0,
          "private": "eyJlMmJmYjczMC1lY2FhLTExZTYtOGY4OC0zNDM2M2JjN2M0YzAiOnsiY3JlYXRlIjoxODAwMDAwMDAwMDAwLCJkZWxldGUiOjE4MDAwMDAwMDAwMDAsInJlYWQiOjMwMDAwMDAwMDAwMCwidXBkYXRlIjoxODAwMDAwMDAwMDAwfX0=",
          "dependencies": [
            "azurerm_resource_group.main"
          ]
        }
      ]
    }
  ],
  "check_results": null
}
